
Microsoft Visual Studio Solution File, Format Version 12.00
# Visual Studio Version 16
VisualStudioVersion = 16.0.29215.179
MinimumVisualStudioVersion = 10.0.40219.1
Project("{FAE04EC0-301F-11D3-BF4B-00C04F79EFBC}") = "ParkRunners.Core", "ParkRunners.Core\ParkRunners.Core.csproj", "{B1D5505D-D5DC-4F72-99F7-69BD3F886A8C}"
EndProject
Project("{FAE04EC0-301F-11D3-BF4B-00C04F79EFBC}") = "ParkRunners.Infrastructure", "ParkRunners.Infrastructure\ParkRunners.Infrastructure.csproj", "{D4A2938F-33FA-4567-9275-C2BB1935FDED}"
EndProject
Project("{FAE04EC0-301F-11D3-BF4B-00C04F79EFBC}") = "ParkRunners.Api", "ParkRunners.Api\ParkRunners.Api.csproj", "{921D165A-33C5-47C2-BE1F-A19B143795DA}"
EndProject
Global
	GlobalSection(SolutionConfigurationPlatforms) = preSolution
		Debug|Any CPU = Debug|Any CPU
		Release|Any CPU = Release|Any CPU
	EndGlobalSection
	GlobalSection(ProjectConfigurationPlatforms) = postSolution
		{B1D5505D-D5DC-4F72-99F7-69BD3F886A8C}.Debug|Any CPU.ActiveCfg = Debug|Any CPU
		{B1D5505D-D5DC-4F72-99F7-69BD3F886A8C}.Debug|Any CPU.Build.0 = Debug|Any CPU
		{B1D5505D-D5DC-4F72-99F7-69BD3F886A8C}.Release|Any CPU.ActiveCfg = Release|Any CPU
		{B1D5505D-D5DC-4F72-99F7-69BD3F886A8C}.Release|Any CPU.Build.0 = Release|Any CPU
		{D4A2938F-33FA-4567-9275-C2BB1935FDED}.Debug|Any CPU.ActiveCfg = Debug|Any CPU
		{D4A2938F-33FA-4567-9275-C2BB1935FDED}.Debug|Any CPU.Build.0 = Debug|Any CPU
		{D4A2938F-33FA-4567-9275-C2BB1935FDED}.Release|Any CPU.ActiveCfg = Release|Any CPU
		{D4A2938F-33FA-4567-9275-C2BB1935FDED}.Release|Any CPU.Build.0 = Release|Any CPU
		{921D165A-33C5-47C2-BE1F-A19B143795DA}.Debug|Any CPU.ActiveCfg = Debug|Any CPU
		{921D165A-33C5-47C2-BE1F-A19B143795DA}.Debug|Any CPU.Build.0 = Debug|Any CPU
		{921D165A-33C5-47C2-BE1F-A19B143795DA}.Release|Any CPU.ActiveCfg = Release|Any CPU
		{921D165A-33C5-47C2-BE1F-A19B143795DA}.Release|Any CPU.Build.0 = Release|Any CPU
	EndGlobalSection
	GlobalSection(SolutionProperties) = preSolution
		HideSolutionNode = FALSE
	EndGlobalSection
	GlobalSection(ExtensibilityGlobals) = postSolution
		SolutionGuid = {E0CF331A-4593-433E-9FAA-4494DFAF5110}
	EndGlobalSection
EndGlobal
